// !$*UTF8*$!
{
	archiveVersion = 1;
	classes = {
	};
	objectVersion = 48;
	objects = {

/* Begin PBXBuildFile section */
		2A2E361E204AC87500D13DB0 /* SecondViewController.swift in Sources */ = {isa = PBXBuildFile; fileRef = 2A2E361D204AC87500D13DB0 /* SecondViewController.swift */; };
		2A473C742046AD7400F17B80 /* AppDelegate.swift in Sources */ = {isa = PBXBuildFile; fileRef = 2A473C732046AD7400F17B80 /* AppDelegate.swift */; };
		2A473C762046AD7400F17B80 /* ViewController.swift in Sources */ = {isa = PBXBuildFile; fileRef = 2A473C752046AD7400F17B80 /* ViewController.swift */; };
		2A473C792046AD7400F17B80 /* Main.storyboard in Resources */ = {isa = PBXBuildFile; fileRef = 2A473C772046AD7400F17B80 /* Main.storyboard */; };
		2A473C7B2046AD7400F17B80 /* Assets.xcassets in Resources */ = {isa = PBXBuildFile; fileRef = 2A473C7A2046AD7400F17B80 /* Assets.xcassets */; };
		2A473C7E2046AD7400F17B80 /* LaunchScreen.storyboard in Resources */ = {isa = PBXBuildFile; fileRef = 2A473C7C2046AD7400F17B80 /* LaunchScreen.storyboard */; };
		2A473C8A2046D3B000F17B80 /* TabbarBackViewController.swift in Sources */ = {isa = PBXBuildFile; fileRef = 2A473C892046D3B000F17B80 /* TabbarBackViewController.swift */; };
		2A473C8C2046D3BD00F17B80 /* NavigationBackViewController.swift in Sources */ = {isa = PBXBuildFile; fileRef = 2A473C8B2046D3BD00F17B80 /* NavigationBackViewController.swift */; };
		2A473C9A2046D75D00F17B80 /* icons8-1-c-26.png in Resources */ = {isa = PBXBuildFile; fileRef = 2A473C992046D75D00F17B80 /* icons8-1-c-26.png */; };
		2A473C9C2046D7C900F17B80 /* icons8-2-c-26.png in Resources */ = {isa = PBXBuildFile; fileRef = 2A473C9B2046D7C800F17B80 /* icons8-2-c-26.png */; };
/* End PBXBuildFile section */

/* Begin PBXFileReference section */
		2A2E361D204AC87500D13DB0 /* SecondViewController.swift */ = {isa = PBXFileReference; lastKnownFileType = sourcecode.swift; path = SecondViewController.swift; sourceTree = "<group>"; };
		2A473C702046AD7400F17B80 /* NavigationandTabBarSample.app */ = {isa = PBXFileReference; explicitFileType = wrapper.application; includeInIndex = 0; path = NavigationandTabBarSample.app; sourceTree = BUILT_PRODUCTS_DIR; };
		2A473C732046AD7400F17B80 /* AppDelegate.swift */ = {isa = PBXFileReference; lastKnownFileType = sourcecode.swift; path = AppDelegate.swift; sourceTree = "<group>"; };
		2A473C752046AD7400F17B80 /* ViewController.swift */ = {isa = PBXFileReference; lastKnownFileType = sourcecode.swift; path = ViewController.swift; sourceTree = "<group>"; };
		2A473C782046AD7400F17B80 /* Base */ = {isa = PBXFileReference; lastKnownFileType = file.storyboard; name = Base; path = Base.lproj/Main.storyboard; sourceTree = "<group>"; };
		2A473C7A2046AD7400F17B80 /* Assets.xcassets */ = {isa = PBXFileReference; lastKnownFileType = folder.assetcatalog; path = Assets.xcassets; sourceTree = "<group>"; };
		2A473C7D2046AD7400F17B80 /* Base */ = {isa = PBXFileReference; lastKnownFileType = file.storyboard; name = Base; path = Base.lproj/LaunchScreen.storyboard; sourceTree = "<group>"; };
		2A473C7F2046AD7400F17B80 /* Info.plist */ = {isa = PBXFileReference; lastKnownFileType = text.plist.xml; path = Info.plist; sourceTree = "<group>"; };
		2A473C892046D3B000F17B80 /* TabbarBackViewController.swift */ = {isa = PBXFileReference; lastKnownFileType = sourcecode.swift; path = TabbarBackViewController.swift; sourceTree = "<group>"; };
		2A473C8B2046D3BD00F17B80 /* NavigationBackViewController.swift */ = {isa = PBXFileReference; lastKnownFileType = sourcecode.swift; path = NavigationBackViewController.swift; sourceTree = "<group>"; };
		2A473C992046D75D00F17B80 /* icons8-1-c-26.png */ = {isa = PBXFileReference; lastKnownFileType = image.png; path = "icons8-1-c-26.png"; sourceTree = "<group>"; };
		2A473C9B2046D7C800F17B80 /* icons8-2-c-26.png */ = {isa = PBXFileReference; lastKnownFileType = image.png; path = "icons8-2-c-26.png"; sourceTree = "<group>"; };
/* End PBXFileReference section */

/* Begin PBXFrameworksBuildPhase section */
		2A473C6D2046AD7400F17B80 /* Frameworks */ = {
			isa = PBXFrameworksBuildPhase;
			buildActionMask = 2147483647;
			files = (
			);
			runOnlyForDeploymentPostprocessing = 0;
		};
/* End PBXFrameworksBuildPhase section */

/* Begin PBXGroup section */
		2A473C672046AD7400F17B80 = {
			isa = PBXGroup;
			children = (
				2A473C722046AD7400F17B80 /* NavigationandTabBarSample */,
				2A473C712046AD7400F17B80 /* Products */,
			);
			sourceTree = "<group>";
		};
		2A473C712046AD7400F17B80 /* Products */ = {
			isa = PBXGroup;
			children = (
				2A473C702046AD7400F17B80 /* NavigationandTabBarSample.app */,
			);
			name = Products;
			sourceTree = "<group>";
		};
		2A473C722046AD7400F17B80 /* NavigationandTabBarSample */ = {
			isa = PBXGroup;
			children = (
				2A473C992046D75D00F17B80 /* icons8-1-c-26.png */,
				2A473C9B2046D7C800F17B80 /* icons8-2-c-26.png */,
				2A473C732046AD7400F17B80 /* AppDelegate.swift */,
				2A473C752046AD7400F17B80 /* ViewController.swift */,
				2A2E361D204AC87500D13DB0 /* SecondViewController.swift */,
				2A473C892046D3B000F17B80 /* TabbarBackViewController.swift */,
				2A473C8B2046D3BD00F17B80 /* NavigationBackViewController.swift */,
				2A473C772046AD7400F17B80 /* Main.storyboard */,
				2A473C7A2046AD7400F17B80 /* Assets.xcassets */,
				2A473C7C2046AD7400F17B80 /* LaunchScreen.storyboard */,
				2A473C7F2046AD7400F17B80 /* Info.plist */,
			);
			path = NavigationandTabBarSample;
			sourceTree = "<group>";
		};
/* End PBXGroup section */

/* Begin PBXNativeTarget section */
		2A473C6F2046AD7400F17B80 /* NavigationandTabBarSample */ = {
			isa = PBXNativeTarget;
			buildConfigurationList = 2A473C822046AD7400F17B80 /* Build configuration list for PBXNativeTarget "NavigationandTabBarSample" */;
			buildPhases = (
				2A473C6C2046AD7400F17B80 /* Sources */,
				2A473C6D2046AD7400F17B80 /* Frameworks */,
				2A473C6E2046AD7400F17B80 /* Resources */,
			);
			buildRules = (
			);
			dependencies = (
			);
			name = NavigationandTabBarSample;
			productName = NavigationandTabBarSample;
			productReference = 2A473C702046AD7400F17B80 /* NavigationandTabBarSample.app */;
			productType = "com.apple.product-type.application";
		};
/* End PBXNativeTarget section */

/* Begin PBXProject section */
		2A473C682046AD7400F17B80 /* Project object */ = {
			isa = PBXProject;
			attributes = {
				LastSwiftUpdateCheck = 0920;
				LastUpgradeCheck = 0920;
				ORGANIZATIONNAME = "Ryo Endo";
				TargetAttributes = {
					2A473C6F2046AD7400F17B80 = {
						CreatedOnToolsVersion = 9.2;
						ProvisioningStyle = Automatic;
					};
				};
			};
			buildConfigurationList = 2A473C6B2046AD7400F17B80 /* Build configuration list for PBXProject "NavigationandTabBarSample" */;
			compatibilityVersion = "Xcode 8.0";
			developmentRegion = en;
			hasScannedForEncodings = 0;
			knownRegions = (
				en,
				Base,
			);
			mainGroup = 2A473C672046AD7400F17B80;
			productRefGroup = 2A473C712046AD7400F17B80 /* Products */;
			projectDirPath = "";
			projectRoot = "";
			targets = (
				2A473C6F2046AD7400F17B80 /* NavigationandTabBarSample */,
			);
		};
/* End PBXProject section */

/* Begin PBXResourcesBuildPhase section */
		2A473C6E2046AD7400F17B80 /* Resources */ = {
			isa = PBXResourcesBuildPhase;
			buildActionMask = 2147483647;
			files = (
				2A473C7E2046AD7400F17B80 /* LaunchScreen.storyboard in Resources */,
				2A473C9C2046D7C900F17B80 /* icons8-2-c-26.png in Resources */,
				2A473C7B2046AD7400F17B80 /* Assets.xcassets in Resources */,
				2A473C9A2046D75D00F17B80 /* icons8-1-c-26.png in Resources */,
				2A473C792046AD7400F17B80 /* Main.storyboard in Resources */,
			);
			runOnlyForDeploymentPostprocessing = 0;
		};
/* End PBXResourcesBuildPhase section */

/* Begin PBXSourcesBuildPhase section */
		2A473C6C2046AD7400F17B80 /* Sources */ = {
			isa = PBXSourcesBuildPhase;
			buildActionMask = 2147483647;
			files = (
				2A473C8A2046D3B000F17B80 /* TabbarBackViewController.swift in Sources */,
				2A473C762046AD7400F17B80 /* ViewController.swift in Sources */,
				2A473C8C2046D3BD00F17B80 /* NavigationBackViewController.swift in Sources */,
				2A2E361E204AC87500D13DB0 /* SecondViewController.swift in Sources */,
				2A473C742046AD7400F17B80 /* AppDelegate.swift in Sources */,
			);
			runOnlyForDeploymentPostprocessing = 0;
		};
/* End PBXSourcesBuildPhase section */

/* Begin PBXVariantGroup section */
		2A473C772046AD7400F17B80 /* Main.storyboard */ = {
			isa = PBXVariantGroup;
			children = (
				2A473C782046AD7400F17B80 /* Base */,
			);
			name = Main.storyboard;
			sourceTree = "<group>";
		};
		2A473C7C2046AD7400F17B80 /* LaunchScreen.storyboard */ = {
			isa = PBXVariantGroup;
			children = (
				2A473C7D2046AD7400F17B80 /* Base */,
			);
			name = LaunchScreen.storyboard;
			sourceTree = "<group>";
		};
/* End PBXVariantGroup section */

/* Begin XCBuildConfiguration section */
		2A473C802046AD7400F17B80 /* Debug */ = {
			isa = XCBuildConfiguration;
			buildSettings = {
				ALWAYS_SEARCH_USER_PATHS = NO;
				CLANG_ANALYZER_NONNULL = YES;
				CLANG_ANALYZER_NUMBER_OBJECT_CONVERSION = YES_AGGRESSIVE;
				CLANG_CXX_LANGUAGE_STANDARD = "gnu++14";
				CLANG_CXX_LIBRARY = "libc++";
				CLANG_ENABLE_MODULES = YES;
				CLANG_ENABLE_OBJC_ARC = YES;
				CLANG_WARN_BLOCK_CAPTURE_AUTORELEASING = YES;
				CLANG_WARN_BOOL_CONVERSION = YES;
				CLANG_WARN_COMMA = YES;
				CLANG_WARN_CONSTANT_CONVERSION = YES;
				CLANG_WARN_DIRECT_OBJC_ISA_USAGE = YES_ERROR;
				CLANG_WARN_DOCUMENTATION_COMMENTS = YES;
				CLANG_WARN_EMPTY_BODY = YES;
				CLANG_WARN_ENUM_CONVERSION = YES;
				CLANG_WARN_INFINITE_RECURSION = YES;
				CLANG_WARN_INT_CONVERSION = YES;
				CLANG_WARN_NON_LITERAL_NULL_CONVERSION = YES;
				CLANG_WARN_OBJC_LITERAL_CONVERSION = YES;
				CLANG_WARN_OBJC_ROOT_CLASS = YES_ERROR;
				CLANG_WARN_RANGE_LOOP_ANALYSIS = YES;
				CLANG_WARN_STRICT_PROTOTYPES = YES;
				CLANG_WARN_SUSPICIOUS_MOVE = YES;
				CLANG_WARN_UNGUARDED_AVAILABILITY = YES_AGGRESSIVE;
				CLANG_WARN_UNREACHABLE_CODE = YES;
				CLANG_WARN__DUPLICATE_METHOD_MATCH = YES;
				CODE_SIGN_IDENTITY = "iPhone Developer";
				COPY_PHASE_STRIP = NO;
				DEBUG_INFORMATION_FORMAT = dwarf;
				ENABLE_STRICT_OBJC_MSGSEND = YES;
				ENABLE_TESTABILITY = YES;
				GCC_C_LANGUAGE_STANDARD = gnu11;
				GCC_DYNAMIC_NO_PIC = NO;
				GCC_NO_COMMON_BLOCKS = YES;
				GCC_OPTIMIZATION_LEVEL = 0;
				GCC_PREPROCESSOR_DEFINITIONS = (
					"DEBUG=1",
					"$(inherited)",
				);
				GCC_WARN_64_TO_32_BIT_CONVERSION = YES;
				GCC_WARN_ABOUT_RETURN_TYPE = YES_ERROR;
				GCC_WARN_UNDECLARED_SELECTOR = YES;
				GCC_WARN_UNINITIALIZED_AUTOS = YES_AGGRESSIVE;
				GCC_WARN_UNUSED_FUNCTION = YES;
				GCC_WARN_UNUSED_VARIABLE = YES;
				IPHONEOS_DEPLOYMENT_TARGET = 11.2;
				MTL_ENABLE_DEBUG_INFO = YES;
				ONLY_ACTIVE_ARCH = YES;
				SDKROOT = iphoneos;
				SWIFT_ACTIVE_COMPILATION_CONDITIONS = DEBUG;
				SWIFT_OPTIMIZATION_LEVEL = "-Onone";
			};
			name = Debug;
		};
		2A473C812046AD7400F17B80 /* Release */ = {
			isa = XCBuildConfiguration;
			buildSettings = {
				ALWAYS_SEARCH_USER_PATHS = NO;
				CLANG_ANALYZER_NONNULL = YES;
				CLANG_ANALYZER_NUMBER_OBJECT_CONVERSION = YES_AGGRESSIVE;
				CLANG_CXX_LANGUAGE_STANDARD = "gnu++14";
				CLANG_CXX_LIBRARY = "libc++";
				CLANG_ENABLE_MODULES = YES;
				CLANG_ENABLE_OBJC_ARC = YES;
				CLANG_WARN_BLOCK_CAPTURE_AUTORELEASING = YES;
				CLANG_WARN_BOOL_CONVERSION = YES;
				CLANG_WARN_COMMA = YES;
				CLANG_WARN_CONSTANT_CONVERSION = YES;
				CLANG_WARN_DIRECT_OBJC_ISA_USAGE = YES_ERROR;
				CLANG_WARN_DOCUMENTATION_COMMENTS = YES;
				CLANG_WARN_EMPTY_BODY = YES;
				CLANG_WARN_ENUM_CONVERSION = YES;
				CLANG_WARN_INFINITE_RECURSION = YES;
				CLANG_WARN_INT_CONVERSION = YES;
				CLANG_WARN_NON_LITERAL_NULL_CONVERSION = YES;
				CLANG_WARN_OBJC_LITERAL_CONVERSION = YES;
				CLANG_WARN_OBJC_ROOT_CLASS = YES_ERROR;
				CLANG_WARN_RANGE_LOOP_ANALYSIS = YES;
				CLANG_WARN_STRICT_PROTOTYPES = YES;
				CLANG_WARN_SUSPICIOUS_MOVE = YES;
				CLANG_WARN_UNGUARDED_AVAILABILITY = YES_AGGRESSIVE;
				CLANG_WARN_UNREACHABLE_CODE = YES;
				CLANG_WARN__DUPLICATE_METHOD_MATCH = YES;
				CODE_SIGN_IDENTITY = "iPhone Developer";
				COPY_PHASE_STRIP = NO;
				DEBUG_INFORMATION_FORMAT = "dwarf-with-dsym";
				ENABLE_NS_ASSERTIONS = NO;
				ENABLE_STRICT_OBJC_MSGSEND = YES;
				GCC_C_LANGUAGE_STANDARD = gnu11;
				GCC_NO_COMMON_BLOCKS = YES;
				GCC_WARN_64_TO_32_BIT_CONVERSION = YES;
				GCC_WARN_ABOUT_RETURN_TYPE = YES_ERROR;
				GCC_WARN_UNDECLARED_SELECTOR = YES;
				GCC_WARN_UNINITIALIZED_AUTOS = YES_AGGRESSIVE;
				GCC_WARN_UNUSED_FUNCTION = YES;
				GCC_WARN_UNUSED_VARIABLE = YES;
				IPHONEOS_DEPLOYMENT_TARGET = 11.2;
				MTL_ENABLE_DEBUG_INFO = NO;
				SDKROOT = iphoneos;
				SWIFT_OPTIMIZATION_LEVEL = "-Owholemodule";
				VALIDATE_PRODUCT = YES;
			};
			name = Release;
		};
		2A473C832046AD7400F17B80 /* Debug */ = {
			isa = XCBuildConfiguration;
			buildSettings = {
				ASSETCATALOG_COMPILER_APPICON_NAME = AppIcon;
				CODE_SIGN_STYLE = Automatic;
				INFOPLIST_FILE = NavigationandTabBarSample/Info.plist;
				LD_RUNPATH_SEARCH_PATHS = "$(inherited) @executable_path/Frameworks";
				PRODUCT_BUNDLE_IDENTIFIER = com.geeksalon.NavigationandTabBarSample;
				PRODUCT_NAME = "$(TARGET_NAME)";
				SWIFT_VERSION = 4.0;
				TARGETED_DEVICE_FAMILY = "1,2";
			};
			name = Debug;
		};
		2A473C842046AD7400F17B80 /* Release */ = {
			isa = XCBuildConfiguration;
			buildSettings = {
				ASSETCATALOG_COMPILER_APPICON_NAME = AppIcon;
				CODE_SIGN_STYLE = Automatic;
				INFOPLIST_FILE = NavigationandTabBarSample/Info.plist;
				LD_RUNPATH_SEARCH_PATHS = "$(inherited) @executable_path/Frameworks";
				PRODUCT_BUNDLE_IDENTIFIER = com.geeksalon.NavigationandTabBarSample;
				PRODUCT_NAME = "$(TARGET_NAME)";
				SWIFT_VERSION = 4.0;
				TARGETED_DEVICE_FAMILY = "1,2";
			};
			name = Release;
		};
/* End XCBuildConfiguration section */

/* Begin XCConfigurationList section */
		2A473C6B2046AD7400F17B80 /* Build configuration list for PBXProject "NavigationandTabBarSample" */ = {
			isa = XCConfigurationList;
			buildConfigurations = (
				2A473C802046AD7400F17B80 /* Debug */,
				2A473C812046AD7400F17B80 /* Release */,
			);
			defaultConfigurationIsVisible = 0;
			defaultConfigurationName = Release;
		};
		2A473C822046AD7400F17B80 /* Build configuration list for PBXNativeTarget "NavigationandTabBarSample" */ = {
			isa = XCConfigurationList;
			buildConfigurations = (
				2A473C832046AD7400F17B80 /* Debug */,
				2A473C842046AD7400F17B80 /* Release */,
			);
			defaultConfigurationIsVisible = 0;
			defaultConfigurationName = Release;
		};
/* End XCConfigurationList section */
	};
	rootObject = 2A473C682046AD7400F17B80 /* Project object */;
}
